# This file was autogenerated by uv via the following command:
#    uv pip compile requirements.txt -o requirements.lock
astra-plugin-sdk==0.6.1
    # via -r requirements.txt
certifi==2026.7.22
    # via requests
cffi==2.1.1
    # via
    #   sounddevice
    #   vosk
charset-normalizer==3.5.1
    # via requests
colorama==0.4.6
    # via tqdm
grpcio==1.83.1
    # via
    #   -r requirements.txt
    #   astra-plugin-sdk
    #   grpcio-tools
grpcio-tools==1.83.1
    # via astra-plugin-sdk
idna==3.19
    # via requests
numpy==2.4.6
    # via -r requirements.txt
protobuf==7.36.1
    # via
    #   -r requirements.txt
    #   astra-plugin-sdk
    #   grpcio-tools
pycparser==3.0
    # via cffi
requests==2.34.2
    # via
    #   -r requirements.txt
    #   vosk
setuptools==84.0.0
    # via grpcio-tools
sounddevice==0.5.6
    # via -r requirements.txt
srt==3.5.3
    # via vosk
tqdm==4.70.1
    # via vosk
typing-extensions==4.16.0
    # via grpcio
urllib3==2.7.0
    # via requests
vosk==0.3.45
    # via -r requirements.txt
websockets==17.1
    # via
    #   -r requirements.txt
    #   vosk
